
Microsoft Visual Studio Solution File, Format Version 12.00
# Visual Studio Version 17
VisualStudioVersion = 17.10.34916.146
MinimumVisualStudioVersion = 10.0.40219.1
Project("{9A19103F-16F7-4668-BE54-9A1E7A4F7556}") = "CinemaBL", "CinemaBL\CinemaBL.csproj", "{919B5781-087E-4815-914F-42F62AA7ABAD}"
EndProject
Project("{9A19103F-16F7-4668-BE54-9A1E7A4F7556}") = "CinemaDA", "CinemaDA\CinemaDA.csproj", "{155059A6-3FFC-49AC-97CD-CFFF61819387}"
EndProject
Project("{FAE04EC0-301F-11D3-BF4B-00C04F79EFBC}") = "CinemaCMN", "CinemaCMN\CinemaCMN.csproj", "{026E692B-75E8-4DA2-8802-F4483DF0A587}"
EndProject
Project("{FAE04EC0-301F-11D3-BF4B-00C04F79EFBC}") = "EIT_Cinema", "EIT_Cinema\EIT_Cinema.csproj", "{92BA6E45-CFE5-4DEC-B06D-41E253C375E4}"
EndProject
Global
	GlobalSection(SolutionConfigurationPlatforms) = preSolution
		Debug|Any CPU = Debug|Any CPU
		Release|Any CPU = Release|Any CPU
	EndGlobalSection
	GlobalSection(ProjectConfigurationPlatforms) = postSolution
		{919B5781-087E-4815-914F-42F62AA7ABAD}.Debug|Any CPU.ActiveCfg = Debug|Any CPU
		{919B5781-087E-4815-914F-42F62AA7ABAD}.Debug|Any CPU.Build.0 = Debug|Any CPU
		{919B5781-087E-4815-914F-42F62AA7ABAD}.Release|Any CPU.ActiveCfg = Release|Any CPU
		{919B5781-087E-4815-914F-42F62AA7ABAD}.Release|Any CPU.Build.0 = Release|Any CPU
		{155059A6-3FFC-49AC-97CD-CFFF61819387}.Debug|Any CPU.ActiveCfg = Debug|Any CPU
		{155059A6-3FFC-49AC-97CD-CFFF61819387}.Debug|Any CPU.Build.0 = Debug|Any CPU
		{155059A6-3FFC-49AC-97CD-CFFF61819387}.Release|Any CPU.ActiveCfg = Release|Any CPU
		{155059A6-3FFC-49AC-97CD-CFFF61819387}.Release|Any CPU.Build.0 = Release|Any CPU
		{026E692B-75E8-4DA2-8802-F4483DF0A587}.Debug|Any CPU.ActiveCfg = Debug|Any CPU
		{026E692B-75E8-4DA2-8802-F4483DF0A587}.Debug|Any CPU.Build.0 = Debug|Any CPU
		{026E692B-75E8-4DA2-8802-F4483DF0A587}.Release|Any CPU.ActiveCfg = Release|Any CPU
		{026E692B-75E8-4DA2-8802-F4483DF0A587}.Release|Any CPU.Build.0 = Release|Any CPU
		{92BA6E45-CFE5-4DEC-B06D-41E253C375E4}.Debug|Any CPU.ActiveCfg = Debug|Any CPU
		{92BA6E45-CFE5-4DEC-B06D-41E253C375E4}.Debug|Any CPU.Build.0 = Debug|Any CPU
		{92BA6E45-CFE5-4DEC-B06D-41E253C375E4}.Release|Any CPU.ActiveCfg = Release|Any CPU
		{92BA6E45-CFE5-4DEC-B06D-41E253C375E4}.Release|Any CPU.Build.0 = Release|Any CPU
	EndGlobalSection
	GlobalSection(SolutionProperties) = preSolution
		HideSolutionNode = FALSE
	EndGlobalSection
	GlobalSection(ExtensibilityGlobals) = postSolution
		SolutionGuid = {7CD6A3CD-A7B7-48CA-BCB6-87A4FFF30D63}
	EndGlobalSection
EndGlobal
