
Microsoft Visual Studio Solution File, Format Version 12.00
# Visual Studio Version 17
VisualStudioVersion = 17.9.34902.65
MinimumVisualStudioVersion = 10.0.40219.1
Project("{9A19103F-16F7-4668-BE54-9A1E7A4F7556}") = "DesignPatterns", "DesignPatterns\DesignPatterns.csproj", "{4027BA78-00FA-48BA-B3BA-CA39762BC481}"
EndProject
Project("{9A19103F-16F7-4668-BE54-9A1E7A4F7556}") = "_2_Bridge", "_2_Bridge\_2_Bridge.csproj", "{8D2354F9-2270-466C-923E-84FC8C316FFC}"
EndProject
Project("{9A19103F-16F7-4668-BE54-9A1E7A4F7556}") = "_1_Mediator", "_1_Mediator\_1_Mediator.csproj", "{F1F4CF47-AD8D-4C3A-98A6-E975A66B37BD}"
EndProject
Project("{9A19103F-16F7-4668-BE54-9A1E7A4F7556}") = "_3_Command", "_3_Command\_3_Command.csproj", "{3C387BBA-550C-4E01-ABF2-03F480FEBF27}"
EndProject
Project("{9A19103F-16F7-4668-BE54-9A1E7A4F7556}") = "_4_Strategy", "_4_Strategy\_4_Strategy.csproj", "{EBF49020-60A0-400F-9469-197A71218D76}"
EndProject
Project("{FAE04EC0-301F-11D3-BF4B-00C04F79EFBC}") = "_5_FactoryMethod", "_5_FactoryMethod\_5_FactoryMethod.csproj", "{21C00D97-E193-410E-ABE8-B9EE92B13AE7}"
EndProject
Project("{FAE04EC0-301F-11D3-BF4B-00C04F79EFBC}") = "_5_AbstractFactory", "_5_AbstractFactory\_5_AbstractFactory.csproj", "{31F24DC4-0004-4D7D-8FE4-BED37371D1C4}"
EndProject
Project("{FAE04EC0-301F-11D3-BF4B-00C04F79EFBC}") = "_6_Observer", "_6_Observer\_6_Observer.csproj", "{2BFE44AF-DC09-4AF1-9F80-294FE161221D}"
EndProject
Global
	GlobalSection(SolutionConfigurationPlatforms) = preSolution
		Debug|Any CPU = Debug|Any CPU
		Release|Any CPU = Release|Any CPU
	EndGlobalSection
	GlobalSection(ProjectConfigurationPlatforms) = postSolution
		{4027BA78-00FA-48BA-B3BA-CA39762BC481}.Debug|Any CPU.ActiveCfg = Debug|Any CPU
		{4027BA78-00FA-48BA-B3BA-CA39762BC481}.Debug|Any CPU.Build.0 = Debug|Any CPU
		{4027BA78-00FA-48BA-B3BA-CA39762BC481}.Release|Any CPU.ActiveCfg = Release|Any CPU
		{4027BA78-00FA-48BA-B3BA-CA39762BC481}.Release|Any CPU.Build.0 = Release|Any CPU
		{8D2354F9-2270-466C-923E-84FC8C316FFC}.Debug|Any CPU.ActiveCfg = Debug|Any CPU
		{8D2354F9-2270-466C-923E-84FC8C316FFC}.Debug|Any CPU.Build.0 = Debug|Any CPU
		{8D2354F9-2270-466C-923E-84FC8C316FFC}.Release|Any CPU.ActiveCfg = Release|Any CPU
		{8D2354F9-2270-466C-923E-84FC8C316FFC}.Release|Any CPU.Build.0 = Release|Any CPU
		{F1F4CF47-AD8D-4C3A-98A6-E975A66B37BD}.Debug|Any CPU.ActiveCfg = Debug|Any CPU
		{F1F4CF47-AD8D-4C3A-98A6-E975A66B37BD}.Debug|Any CPU.Build.0 = Debug|Any CPU
		{F1F4CF47-AD8D-4C3A-98A6-E975A66B37BD}.Release|Any CPU.ActiveCfg = Release|Any CPU
		{F1F4CF47-AD8D-4C3A-98A6-E975A66B37BD}.Release|Any CPU.Build.0 = Release|Any CPU
		{3C387BBA-550C-4E01-ABF2-03F480FEBF27}.Debug|Any CPU.ActiveCfg = Debug|Any CPU
		{3C387BBA-550C-4E01-ABF2-03F480FEBF27}.Debug|Any CPU.Build.0 = Debug|Any CPU
		{3C387BBA-550C-4E01-ABF2-03F480FEBF27}.Release|Any CPU.ActiveCfg = Release|Any CPU
		{3C387BBA-550C-4E01-ABF2-03F480FEBF27}.Release|Any CPU.Build.0 = Release|Any CPU
		{EBF49020-60A0-400F-9469-197A71218D76}.Debug|Any CPU.ActiveCfg = Debug|Any CPU
		{EBF49020-60A0-400F-9469-197A71218D76}.Debug|Any CPU.Build.0 = Debug|Any CPU
		{EBF49020-60A0-400F-9469-197A71218D76}.Release|Any CPU.ActiveCfg = Release|Any CPU
		{EBF49020-60A0-400F-9469-197A71218D76}.Release|Any CPU.Build.0 = Release|Any CPU
		{21C00D97-E193-410E-ABE8-B9EE92B13AE7}.Debug|Any CPU.ActiveCfg = Debug|Any CPU
		{21C00D97-E193-410E-ABE8-B9EE92B13AE7}.Debug|Any CPU.Build.0 = Debug|Any CPU
		{21C00D97-E193-410E-ABE8-B9EE92B13AE7}.Release|Any CPU.ActiveCfg = Release|Any CPU
		{21C00D97-E193-410E-ABE8-B9EE92B13AE7}.Release|Any CPU.Build.0 = Release|Any CPU
		{31F24DC4-0004-4D7D-8FE4-BED37371D1C4}.Debug|Any CPU.ActiveCfg = Debug|Any CPU
		{31F24DC4-0004-4D7D-8FE4-BED37371D1C4}.Debug|Any CPU.Build.0 = Debug|Any CPU
		{31F24DC4-0004-4D7D-8FE4-BED37371D1C4}.Release|Any CPU.ActiveCfg = Release|Any CPU
		{31F24DC4-0004-4D7D-8FE4-BED37371D1C4}.Release|Any CPU.Build.0 = Release|Any CPU
		{2BFE44AF-DC09-4AF1-9F80-294FE161221D}.Debug|Any CPU.ActiveCfg = Debug|Any CPU
		{2BFE44AF-DC09-4AF1-9F80-294FE161221D}.Debug|Any CPU.Build.0 = Debug|Any CPU
		{2BFE44AF-DC09-4AF1-9F80-294FE161221D}.Release|Any CPU.ActiveCfg = Release|Any CPU
		{2BFE44AF-DC09-4AF1-9F80-294FE161221D}.Release|Any CPU.Build.0 = Release|Any CPU
	EndGlobalSection
	GlobalSection(SolutionProperties) = preSolution
		HideSolutionNode = FALSE
	EndGlobalSection
	GlobalSection(ExtensibilityGlobals) = postSolution
		SolutionGuid = {756A6731-EF23-41B6-B0C4-CC17F9CEE792}
	EndGlobalSection
EndGlobal
